Microsoft Visual Studio Solution File, Format Version 14.00
# Visual Studio 16
MinimumVisualStudioVersion = 10.0.40219.1
Project("{FAE04EC0-301F-11D3-BF4B-00C04F79EFBC}") = "ReportManagerServiceExample", "ReportManagerServiceExample\ReportManagerServiceExample.Net5.csproj", "{74302036-9B1F-4272-80D5-0A8CF1295C10}"
EndProject
Global
	GlobalSection(SolutionConfigurationPlatforms) = preSolution
		Debug|Any CPU = Debug|Any CPU
		Release|Any CPU = Release|Any CPU
	EndGlobalSection
	GlobalSection(ProjectConfigurationPlatforms) = postSolution
		{74302036-9B1F-4272-80D5-0A8CF1295C10}.Debug|Any CPU.ActiveCfg = Debug|Any CPU
		{74302036-9B1F-4272-80D5-0A8CF1295C10}.Debug|Any CPU.Build.0 = Debug|Any CPU
		{74302036-9B1F-4272-80D5-0A8CF1295C10}.Release|Any CPU.ActiveCfg = Release|Any CPU
		{74302036-9B1F-4272-80D5-0A8CF1295C10}.Release|Any CPU.Build.0 = Release|Any CPU
	EndGlobalSection
	GlobalSection(SolutionProperties) = preSolution
		HideSolutionNode = FALSE
	EndGlobalSection
EndGlobal
